// !$*UTF8*$!
{
	archiveVersion = 1;
	classes = {
	};
	objectVersion = 50;
	objects = {

/* Begin PBXBuildFile section */
		A4A5F63B21C0CC380009B3BF /* AppDelegate.swift in Sources */ = {isa = PBXBuildFile; fileRef = A4A5F63A21C0CC380009B3BF /* AppDelegate.swift */; };
		A4A5F63D21C0CC380009B3BF /* ViewController.swift in Sources */ = {isa = PBXBuildFile; fileRef = A4A5F63C21C0CC380009B3BF /* ViewController.swift */; };
		A4A5F64021C0CC380009B3BF /* Main.storyboard in Resources */ = {isa = PBXBuildFile; fileRef = A4A5F63E21C0CC380009B3BF /* Main.storyboard */; };
		A4A5F64221C0CC3A0009B3BF /* Assets.xcassets in Resources */ = {isa = PBXBuildFile; fileRef = A4A5F64121C0CC3A0009B3BF /* Assets.xcassets */; };
		A4A5F64521C0CC3A0009B3BF /* LaunchScreen.storyboard in Resources */ = {isa = PBXBuildFile; fileRef = A4A5F64321C0CC3A0009B3BF /* LaunchScreen.storyboard */; };
		A4EE432221C1E6A700E178ED /* AddController.swift in Sources */ = {isa = PBXBuildFile; fileRef = A4EE432121C1E6A700E178ED /* AddController.swift */; };
/* End PBXBuildFile section */

/* Begin PBXFileReference section */
		A4A5F63721C0CC380009B3BF /* TodoListApp2.app */ = {isa = PBXFileReference; explicitFileType = wrapper.application; includeInIndex = 0; path = TodoListApp2.app; sourceTree = BUILT_PRODUCTS_DIR; };
		A4A5F63A21C0CC380009B3BF /* AppDelegate.swift */ = {isa = PBXFileReference; lastKnownFileType = sourcecode.swift; path = AppDelegate.swift; sourceTree = "<group>"; };
		A4A5F63C21C0CC380009B3BF /* ViewController.swift */ = {isa = PBXFileReference; lastKnownFileType = sourcecode.swift; path = ViewController.swift; sourceTree = "<group>"; };
		A4A5F63F21C0CC380009B3BF /* Base */ = {isa = PBXFileReference; lastKnownFileType = file.storyboard; name = Base; path = Base.lproj/Main.storyboard; sourceTree = "<group>"; };
		A4A5F64121C0CC3A0009B3BF /* Assets.xcassets */ = {isa = PBXFileReference; lastKnownFileType = folder.assetcatalog; path = Assets.xcassets; sourceTree = "<group>"; };
		A4A5F64421C0CC3A0009B3BF /* Base */ = {isa = PBXFileReference; lastKnownFileType = file.storyboard; name = Base; path = Base.lproj/LaunchScreen.storyboard; sourceTree = "<group>"; };
		A4A5F64621C0CC3A0009B3BF /* Info.plist */ = {isa = PBXFileReference; lastKnownFileType = text.plist.xml; path = Info.plist; sourceTree = "<group>"; };
		A4EE432121C1E6A700E178ED /* AddController.swift */ = {isa = PBXFileReference; lastKnownFileType = sourcecode.swift; path = AddController.swift; sourceTree = "<group>"; };
/* End PBXFileReference section */

/* Begin PBXFrameworksBuildPhase section */
		A4A5F63421C0CC380009B3BF /* Frameworks */ = {
			isa = PBXFrameworksBuildPhase;
			buildActionMask = 2147483647;
			files = (
			);
			runOnlyForDeploymentPostprocessing = 0;
		};
/* End PBXFrameworksBuildPhase section */

/* Begin PBXGroup section */
		A4A5F62E21C0CC380009B3BF = {
			isa = PBXGroup;
			children = (
				A4A5F63921C0CC380009B3BF /* TodoListApp2 */,
				A4A5F63821C0CC380009B3BF /* Products */,
			);
			sourceTree = "<group>";
		};
		A4A5F63821C0CC380009B3BF /* Products */ = {
			isa = PBXGroup;
			children = (
				A4A5F63721C0CC380009B3BF /* TodoListApp2.app */,
			);
			name = Products;
			sourceTree = "<group>";
		};
		A4A5F63921C0CC380009B3BF /* TodoListApp2 */ = {
			isa = PBXGroup;
			children = (
				A4EE432121C1E6A700E178ED /* AddController.swift */,
				A4A5F63A21C0CC380009B3BF /* AppDelegate.swift */,
				A4A5F63C21C0CC380009B3BF /* ViewController.swift */,
				A4A5F63E21C0CC380009B3BF /* Main.storyboard */,
				A4A5F64121C0CC3A0009B3BF /* Assets.xcassets */,
				A4A5F64321C0CC3A0009B3BF /* LaunchScreen.storyboard */,
				A4A5F64621C0CC3A0009B3BF /* Info.plist */,
			);
			path = TodoListApp2;
			sourceTree = "<group>";
		};
/* End PBXGroup section */

/* Begin PBXNativeTarget section */
		A4A5F63621C0CC380009B3BF /* TodoListApp2 */ = {
			isa = PBXNativeTarget;
			buildConfigurationList = A4A5F64921C0CC3A0009B3BF /* Build configuration list for PBXNativeTarget "TodoListApp2" */;
			buildPhases = (
				A4A5F63321C0CC380009B3BF /* Sources */,
				A4A5F63421C0CC380009B3BF /* Frameworks */,
				A4A5F63521C0CC380009B3BF /* Resources */,
			);
			buildRules = (
			);
			dependencies = (
			);
			name = TodoListApp2;
			productName = TodoListApp2;
			productReference = A4A5F63721C0CC380009B3BF /* TodoListApp2.app */;
			productType = "com.apple.product-type.application";
		};
/* End PBXNativeTarget section */

/* Begin PBXProject section */
		A4A5F62F21C0CC380009B3BF /* Project object */ = {
			isa = PBXProject;
			attributes = {
				LastSwiftUpdateCheck = 0940;
				LastUpgradeCheck = 0940;
				ORGANIZATIONNAME = RiChangryo;
				TargetAttributes = {
					A4A5F63621C0CC380009B3BF = {
						CreatedOnToolsVersion = 9.4.1;
					};
				};
			};
			buildConfigurationList = A4A5F63221C0CC380009B3BF /* Build configuration list for PBXProject "TodoListApp2" */;
			compatibilityVersion = "Xcode 9.3";
			developmentRegion = en;
			hasScannedForEncodings = 0;
			knownRegions = (
				en,
				Base,
			);
			mainGroup = A4A5F62E21C0CC380009B3BF;
			productRefGroup = A4A5F63821C0CC380009B3BF /* Products */;
			projectDirPath = "";
			projectRoot = "";
			targets = (
				A4A5F63621C0CC380009B3BF /* TodoListApp2 */,
			);
		};
/* End PBXProject section */

/* Begin PBXResourcesBuildPhase section */
		A4A5F63521C0CC380009B3BF /* Resources */ = {
			isa = PBXResourcesBuildPhase;
			buildActionMask = 2147483647;
			files = (
				A4A5F64521C0CC3A0009B3BF /* LaunchScreen.storyboard in Resources */,
				A4A5F64221C0CC3A0009B3BF /* Assets.xcassets in Resources */,
				A4A5F64021C0CC380009B3BF /* Main.storyboard in Resources */,
			);
			runOnlyForDeploymentPostprocessing = 0;
		};
/* End PBXResourcesBuildPhase section */

/* Begin PBXSourcesBuildPhase section */
		A4A5F63321C0CC380009B3BF /* Sources */ = {
			isa = PBXSourcesBuildPhase;
			buildActionMask = 2147483647;
			files = (
				A4EE432221C1E6A700E178ED /* AddController.swift in Sources */,
				A4A5F63D21C0CC380009B3BF /* ViewController.swift in Sources */,
				A4A5F63B21C0CC380009B3BF /* AppDelegate.swift in Sources */,
			);
			runOnlyForDeploymentPostprocessing = 0;
		};
/* End PBXSourcesBuildPhase section */

/* Begin PBXVariantGroup section */
		A4A5F63E21C0CC380009B3BF /* Main.storyboard */ = {
			isa = PBXVariantGroup;
			children = (
				A4A5F63F21C0CC380009B3BF /* Base */,
			);
			name = Main.storyboard;
			sourceTree = "<group>";
		};
		A4A5F64321C0CC3A0009B3BF /* LaunchScreen.storyboard */ = {
			isa = PBXVariantGroup;
			children = (
				A4A5F64421C0CC3A0009B3BF /* Base */,
			);
			name = LaunchScreen.storyboard;
			sourceTree = "<group>";
		};
/* End PBXVariantGroup section */

/* Begin XCBuildConfiguration section */
		A4A5F64721C0CC3A0009B3BF /* Debug */ = {
			isa = XCBuildConfiguration;
			buildSettings = {
				ALWAYS_SEARCH_USER_PATHS = NO;
				CLANG_ANALYZER_NONNULL = YES;
				CLANG_ANALYZER_NUMBER_OBJECT_CONVERSION = YES_AGGRESSIVE;
				CLANG_CXX_LANGUAGE_STANDARD = "gnu++14";
				CLANG_CXX_LIBRARY = "libc++";
				CLANG_ENABLE_MODULES = YES;
				CLANG_ENABLE_OBJC_ARC = YES;
				CLANG_ENABLE_OBJC_WEAK = YES;
				CLANG_WARN_BLOCK_CAPTURE_AUTORELEASING = YES;
				CLANG_WARN_BOOL_CONVERSION = YES;
				CLANG_WARN_COMMA = YES;
				CLANG_WARN_CONSTANT_CONVERSION = YES;
				CLANG_WARN_DEPRECATED_OBJC_IMPLEMENTATIONS = YES;
				CLANG_WARN_DIRECT_OBJC_ISA_USAGE = YES_ERROR;
				CLANG_WARN_DOCUMENTATION_COMMENTS = YES;
				CLANG_WARN_EMPTY_BODY = YES;
				CLANG_WARN_ENUM_CONVERSION = YES;
				CLANG_WARN_INFINITE_RECURSION = YES;
				CLANG_WARN_INT_CONVERSION = YES;
				CLANG_WARN_NON_LITERAL_NULL_CONVERSION = YES;
				CLANG_WARN_OBJC_IMPLICIT_RETAIN_SELF = YES;
				CLANG_WARN_OBJC_LITERAL_CONVERSION = YES;
				CLANG_WARN_OBJC_ROOT_CLASS = YES_ERROR;
				CLANG_WARN_RANGE_LOOP_ANALYSIS = YES;
				CLANG_WARN_STRICT_PROTOTYPES = YES;
				CLANG_WARN_SUSPICIOUS_MOVE = YES;
				CLANG_WARN_UNGUARDED_AVAILABILITY = YES_AGGRESSIVE;
				CLANG_WARN_UNREACHABLE_CODE = YES;
				CLANG_WARN__DUPLICATE_METHOD_MATCH = YES;
				CODE_SIGN_IDENTITY = "iPhone Developer";
				COPY_PHASE_STRIP = NO;
				DEBUG_INFORMATION_FORMAT = dwarf;
				ENABLE_STRICT_OBJC_MSGSEND = YES;
				ENABLE_TESTABILITY = YES;
				GCC_C_LANGUAGE_STANDARD = gnu11;
				GCC_DYNAMIC_NO_PIC = NO;
				GCC_NO_COMMON_BLOCKS = YES;
				GCC_OPTIMIZATION_LEVEL = 0;
				GCC_PREPROCESSOR_DEFINITIONS = (
					"DEBUG=1",
					"$(inherited)",
				);
				GCC_WARN_64_TO_32_BIT_CONVERSION = YES;
				GCC_WARN_ABOUT_RETURN_TYPE = YES_ERROR;
				GCC_WARN_UNDECLARED_SELECTOR = YES;
				GCC_WARN_UNINITIALIZED_AUTOS = YES_AGGRESSIVE;
				GCC_WARN_UNUSED_FUNCTION = YES;
				GCC_WARN_UNUSED_VARIABLE = YES;
				IPHONEOS_DEPLOYMENT_TARGET = 11.4;
				MTL_ENABLE_DEBUG_INFO = YES;
				ONLY_ACTIVE_ARCH = YES;
				SDKROOT = iphoneos;
				SWIFT_ACTIVE_COMPILATION_CONDITIONS = DEBUG;
				SWIFT_OPTIMIZATION_LEVEL = "-Onone";
			};
			name = Debug;
		};
		A4A5F64821C0CC3A0009B3BF /* Release */ = {
			isa = XCBuildConfiguration;
			buildSettings = {
				ALWAYS_SEARCH_USER_PATHS = NO;
				CLANG_ANALYZER_NONNULL = YES;
				CLANG_ANALYZER_NUMBER_OBJECT_CONVERSION = YES_AGGRESSIVE;
				CLANG_CXX_LANGUAGE_STANDARD = "gnu++14";
				CLANG_CXX_LIBRARY = "libc++";
				CLANG_ENABLE_MODULES = YES;
				CLANG_ENABLE_OBJC_ARC = YES;
				CLANG_ENABLE_OBJC_WEAK = YES;
				CLANG_WARN_BLOCK_CAPTURE_AUTORELEASING = YES;
				CLANG_WARN_BOOL_CONVERSION = YES;
				CLANG_WARN_COMMA = YES;
				CLANG_WARN_CONSTANT_CONVERSION = YES;
				CLANG_WARN_DEPRECATED_OBJC_IMPLEMENTATIONS = YES;
				CLANG_WARN_DIRECT_OBJC_ISA_USAGE = YES_ERROR;
				CLANG_WARN_DOCUMENTATION_COMMENTS = YES;
				CLANG_WARN_EMPTY_BODY = YES;
				CLANG_WARN_ENUM_CONVERSION = YES;
				CLANG_WARN_INFINITE_RECURSION = YES;
				CLANG_WARN_INT_CONVERSION = YES;
				CLANG_WARN_NON_LITERAL_NULL_CONVERSION = YES;
				CLANG_WARN_OBJC_IMPLICIT_RETAIN_SELF = YES;
				CLANG_WARN_OBJC_LITERAL_CONVERSION = YES;
				CLANG_WARN_OBJC_ROOT_CLASS = YES_ERROR;
				CLANG_WARN_RANGE_LOOP_ANALYSIS = YES;
				CLANG_WARN_STRICT_PROTOTYPES = YES;
				CLANG_WARN_SUSPICIOUS_MOVE = YES;
				CLANG_WARN_UNGUARDED_AVAILABILITY = YES_AGGRESSIVE;
				CLANG_WARN_UNREACHABLE_CODE = YES;
				CLANG_WARN__DUPLICATE_METHOD_MATCH = YES;
				CODE_SIGN_IDENTITY = "iPhone Developer";
				COPY_PHASE_STRIP = NO;
				DEBUG_INFORMATION_FORMAT = "dwarf-with-dsym";
				ENABLE_NS_ASSERTIONS = NO;
				ENABLE_STRICT_OBJC_MSGSEND = YES;
				GCC_C_LANGUAGE_STANDARD = gnu11;
				GCC_NO_COMMON_BLOCKS = YES;
				GCC_WARN_64_TO_32_BIT_CONVERSION = YES;
				GCC_WARN_ABOUT_RETURN_TYPE = YES_ERROR;
				GCC_WARN_UNDECLARED_SELECTOR = YES;
				GCC_WARN_UNINITIALIZED_AUTOS = YES_AGGRESSIVE;
				GCC_WARN_UNUSED_FUNCTION = YES;
				GCC_WARN_UNUSED_VARIABLE = YES;
				IPHONEOS_DEPLOYMENT_TARGET = 11.4;
				MTL_ENABLE_DEBUG_INFO = NO;
				SDKROOT = iphoneos;
				SWIFT_COMPILATION_MODE = wholemodule;
				SWIFT_OPTIMIZATION_LEVEL = "-O";
				VALIDATE_PRODUCT = YES;
			};
			name = Release;
		};
		A4A5F64A21C0CC3A0009B3BF /* Debug */ = {
			isa = XCBuildConfiguration;
			buildSettings = {
				ASSETCATALOG_COMPILER_APPICON_NAME = AppIcon;
				CODE_SIGN_STYLE = Automatic;
				INFOPLIST_FILE = TodoListApp2/Info.plist;
				LD_RUNPATH_SEARCH_PATHS = (
					"$(inherited)",
					"@executable_path/Frameworks",
				);
				PRODUCT_BUNDLE_IDENTIFIER = com.changryo.TodoListApp2;
				PRODUCT_NAME = "$(TARGET_NAME)";
				SWIFT_VERSION = 4.0;
				TARGETED_DEVICE_FAMILY = "1,2";
			};
			name = Debug;
		};
		A4A5F64B21C0CC3A0009B3BF /* Release */ = {
			isa = XCBuildConfiguration;
			buildSettings = {
				ASSETCATALOG_COMPILER_APPICON_NAME = AppIcon;
				CODE_SIGN_STYLE = Automatic;
				INFOPLIST_FILE = TodoListApp2/Info.plist;
				LD_RUNPATH_SEARCH_PATHS = (
					"$(inherited)",
					"@executable_path/Frameworks",
				);
				PRODUCT_BUNDLE_IDENTIFIER = com.changryo.TodoListApp2;
				PRODUCT_NAME = "$(TARGET_NAME)";
				SWIFT_VERSION = 4.0;
				TARGETED_DEVICE_FAMILY = "1,2";
			};
			name = Release;
		};
/* End XCBuildConfiguration section */

/* Begin XCConfigurationList section */
		A4A5F63221C0CC380009B3BF /* Build configuration list for PBXProject "TodoListApp2" */ = {
			isa = XCConfigurationList;
			buildConfigurations = (
				A4A5F64721C0CC3A0009B3BF /* Debug */,
				A4A5F64821C0CC3A0009B3BF /* Release */,
			);
			defaultConfigurationIsVisible = 0;
			defaultConfigurationName = Release;
		};
		A4A5F64921C0CC3A0009B3BF /* Build configuration list for PBXNativeTarget "TodoListApp2" */ = {
			isa = XCConfigurationList;
			buildConfigurations = (
				A4A5F64A21C0CC3A0009B3BF /* Debug */,
				A4A5F64B21C0CC3A0009B3BF /* Release */,
			);
			defaultConfigurationIsVisible = 0;
			defaultConfigurationName = Release;
		};
/* End XCConfigurationList section */
	};
	rootObject = A4A5F62F21C0CC380009B3BF /* Project object */;
}
